
Microsoft Visual Studio Solution File, Format Version 12.00
# Visual Studio Version 16
VisualStudioVersion = 16.0.28917.182
MinimumVisualStudioVersion = 10.0.40219.1
Project("{FAE04EC0-301F-11D3-BF4B-00C04F79EFBC}") = "Metod_Ornek_Sonnuncu", "Metod_Ornek_Sonnuncu.csproj", "{5DCC189C-0660-4548-889F-0BBB2CE83625}"
EndProject
Global
	GlobalSection(SolutionConfigurationPlatforms) = preSolution
		Debug|Any CPU = Debug|Any CPU
		Release|Any CPU = Release|Any CPU
	EndGlobalSection
	GlobalSection(ProjectConfigurationPlatforms) = postSolution
		{5DCC189C-0660-4548-889F-0BBB2CE83625}.Debug|Any CPU.ActiveCfg = Debug|Any CPU
		{5DCC189C-0660-4548-889F-0BBB2CE83625}.Debug|Any CPU.Build.0 = Debug|Any CPU
		{5DCC189C-0660-4548-889F-0BBB2CE83625}.Release|Any CPU.ActiveCfg = Release|Any CPU
		{5DCC189C-0660-4548-889F-0BBB2CE83625}.Release|Any CPU.Build.0 = Release|Any CPU
	EndGlobalSection
	GlobalSection(SolutionProperties) = preSolution
		HideSolutionNode = FALSE
	EndGlobalSection
	GlobalSection(ExtensibilityGlobals) = postSolution
		SolutionGuid = {229BC261-78DD-49F4-ACAA-8BE18888E536}
	EndGlobalSection
EndGlobal
